// !$*UTF8*$!
{
	archiveVersion = 1;
	classes = {
	};
	objectVersion = 51;
	objects = {

/* Begin PBXBuildFile section */
		092CC488252A3D8200F5F0BB /* Assets.xcassets in Resources */ = {isa = PBXBuildFile; fileRef = 092CC475252A3D8200F5F0BB /* Assets.xcassets */; };
		092CC489252A3D8200F5F0BB /* AppDelegate.swift in Sources */ = {isa = PBXBuildFile; fileRef = 092CC476252A3D8200F5F0BB /* AppDelegate.swift */; };
		092CC48B252A3D8200F5F0BB /* PlaceModel.swift in Sources */ = {isa = PBXBuildFile; fileRef = 092CC479252A3D8200F5F0BB /* PlaceModel.swift */; };
		092CC48C252A3D8200F5F0BB /* LaunchScreen.storyboard in Resources */ = {isa = PBXBuildFile; fileRef = 092CC47B252A3D8200F5F0BB /* LaunchScreen.storyboard */; };
		092CC48D252A3D8200F5F0BB /* Main.storyboard in Resources */ = {isa = PBXBuildFile; fileRef = 092CC47D252A3D8200F5F0BB /* Main.storyboard */; };
		092CC48E252A3D8200F5F0BB /* MapViewController.swift in Sources */ = {isa = PBXBuildFile; fileRef = 092CC480252A3D8200F5F0BB /* MapViewController.swift */; };
		092CC48F252A3D8200F5F0BB /* MainViewController.swift in Sources */ = {isa = PBXBuildFile; fileRef = 092CC481252A3D8200F5F0BB /* MainViewController.swift */; };
		092CC490252A3D8200F5F0BB /* CustomTableViewCell.swift in Sources */ = {isa = PBXBuildFile; fileRef = 092CC482252A3D8200F5F0BB /* CustomTableViewCell.swift */; };
		092CC491252A3D8200F5F0BB /* NewPlaceViewController.swift in Sources */ = {isa = PBXBuildFile; fileRef = 092CC483252A3D8200F5F0BB /* NewPlaceViewController.swift */; };
		092CC492252A3D8200F5F0BB /* MapManager.swift in Sources */ = {isa = PBXBuildFile; fileRef = 092CC485252A3D8200F5F0BB /* MapManager.swift */; };
		092CC493252A3D8200F5F0BB /* StorageManager.swift in Sources */ = {isa = PBXBuildFile; fileRef = 092CC486252A3D8200F5F0BB /* StorageManager.swift */; };
		092CC494252A3D8200F5F0BB /* RatingControl.swift in Sources */ = {isa = PBXBuildFile; fileRef = 092CC487252A3D8200F5F0BB /* RatingControl.swift */; };
		C20EFD3B0448D603BDD1B0B3 /* Pods_MyPlaces.framework in Frameworks */ = {isa = PBXBuildFile; fileRef = 31BD44EBFB874A53FE987B01 /* Pods_MyPlaces.framework */; };
/* End PBXBuildFile section */

/* Begin PBXFileReference section */
		092CC475252A3D8200F5F0BB /* Assets.xcassets */ = {isa = PBXFileReference; lastKnownFileType = folder.assetcatalog; path = Assets.xcassets; sourceTree = "<group>"; };
		092CC476252A3D8200F5F0BB /* AppDelegate.swift */ = {isa = PBXFileReference; fileEncoding = 4; lastKnownFileType = sourcecode.swift; path = AppDelegate.swift; sourceTree = "<group>"; };
		092CC477252A3D8200F5F0BB /* Info.plist */ = {isa = PBXFileReference; fileEncoding = 4; lastKnownFileType = text.plist.xml; path = Info.plist; sourceTree = "<group>"; };
		092CC479252A3D8200F5F0BB /* PlaceModel.swift */ = {isa = PBXFileReference; fileEncoding = 4; lastKnownFileType = sourcecode.swift; path = PlaceModel.swift; sourceTree = "<group>"; };
		092CC47C252A3D8200F5F0BB /* Base */ = {isa = PBXFileReference; lastKnownFileType = file.storyboard; name = Base; path = Base.lproj/LaunchScreen.storyboard; sourceTree = "<group>"; };
		092CC47E252A3D8200F5F0BB /* Base */ = {isa = PBXFileReference; lastKnownFileType = file.storyboard; name = Base; path = Base.lproj/Main.storyboard; sourceTree = "<group>"; };
		092CC480252A3D8200F5F0BB /* MapViewController.swift */ = {isa = PBXFileReference; fileEncoding = 4; lastKnownFileType = sourcecode.swift; path = MapViewController.swift; sourceTree = "<group>"; };
		092CC481252A3D8200F5F0BB /* MainViewController.swift */ = {isa = PBXFileReference; fileEncoding = 4; lastKnownFileType = sourcecode.swift; path = MainViewController.swift; sourceTree = "<group>"; };
		092CC482252A3D8200F5F0BB /* CustomTableViewCell.swift */ = {isa = PBXFileReference; fileEncoding = 4; lastKnownFileType = sourcecode.swift; path = CustomTableViewCell.swift; sourceTree = "<group>"; };
		092CC483252A3D8200F5F0BB /* NewPlaceViewController.swift */ = {isa = PBXFileReference; fileEncoding = 4; lastKnownFileType = sourcecode.swift; path = NewPlaceViewController.swift; sourceTree = "<group>"; };
		092CC485252A3D8200F5F0BB /* MapManager.swift */ = {isa = PBXFileReference; fileEncoding = 4; lastKnownFileType = sourcecode.swift; path = MapManager.swift; sourceTree = "<group>"; };
		092CC486252A3D8200F5F0BB /* StorageManager.swift */ = {isa = PBXFileReference; fileEncoding = 4; lastKnownFileType = sourcecode.swift; path = StorageManager.swift; sourceTree = "<group>"; };
		092CC487252A3D8200F5F0BB /* RatingControl.swift */ = {isa = PBXFileReference; fileEncoding = 4; lastKnownFileType = sourcecode.swift; path = RatingControl.swift; sourceTree = "<group>"; };
		09A123772523CB4500521976 /* MyPlaces.app */ = {isa = PBXFileReference; explicitFileType = wrapper.application; includeInIndex = 0; path = MyPlaces.app; sourceTree = BUILT_PRODUCTS_DIR; };
		15A6EEEF50CEF62AC9A30388 /* Pods-MyPlaces.release.xcconfig */ = {isa = PBXFileReference; includeInIndex = 1; lastKnownFileType = text.xcconfig; name = "Pods-MyPlaces.release.xcconfig"; path = "Target Support Files/Pods-MyPlaces/Pods-MyPlaces.release.xcconfig"; sourceTree = "<group>"; };
		31BD44EBFB874A53FE987B01 /* Pods_MyPlaces.framework */ = {isa = PBXFileReference; explicitFileType = wrapper.framework; includeInIndex = 0; path = Pods_MyPlaces.framework; sourceTree = BUILT_PRODUCTS_DIR; };
		5F6476DB821059CA09B9C797 /* Pods-MyPlaces.debug.xcconfig */ = {isa = PBXFileReference; includeInIndex = 1; lastKnownFileType = text.xcconfig; name = "Pods-MyPlaces.debug.xcconfig"; path = "Target Support Files/Pods-MyPlaces/Pods-MyPlaces.debug.xcconfig"; sourceTree = "<group>"; };
/* End PBXFileReference section */

/* Begin PBXFrameworksBuildPhase section */
		09A123742523CB4500521976 /* Frameworks */ = {
			isa = PBXFrameworksBuildPhase;
			buildActionMask = 2147483647;
			files = (
				C20EFD3B0448D603BDD1B0B3 /* Pods_MyPlaces.framework in Frameworks */,
			);
			runOnlyForDeploymentPostprocessing = 0;
		};
/* End PBXFrameworksBuildPhase section */

/* Begin PBXGroup section */
		0265A4928DEB80E45D53A987 /* Frameworks */ = {
			isa = PBXGroup;
			children = (
				31BD44EBFB874A53FE987B01 /* Pods_MyPlaces.framework */,
			);
			name = Frameworks;
			sourceTree = "<group>";
		};
		092CC474252A3D8200F5F0BB /* Support Files */ = {
			isa = PBXGroup;
			children = (
				092CC475252A3D8200F5F0BB /* Assets.xcassets */,
				092CC476252A3D8200F5F0BB /* AppDelegate.swift */,
				092CC477252A3D8200F5F0BB /* Info.plist */,
			);
			path = "Support Files";
			sourceTree = "<group>";
		};
		092CC478252A3D8200F5F0BB /* Models */ = {
			isa = PBXGroup;
			children = (
				092CC479252A3D8200F5F0BB /* PlaceModel.swift */,
			);
			path = Models;
			sourceTree = "<group>";
		};
		092CC47A252A3D8200F5F0BB /* IBuilder */ = {
			isa = PBXGroup;
			children = (
				092CC47B252A3D8200F5F0BB /* LaunchScreen.storyboard */,
				092CC47D252A3D8200F5F0BB /* Main.storyboard */,
			);
			path = IBuilder;
			sourceTree = "<group>";
		};
		092CC47F252A3D8200F5F0BB /* ViewControllers */ = {
			isa = PBXGroup;
			children = (
				092CC480252A3D8200F5F0BB /* MapViewController.swift */,
				092CC481252A3D8200F5F0BB /* MainViewController.swift */,
				092CC482252A3D8200F5F0BB /* CustomTableViewCell.swift */,
				092CC483252A3D8200F5F0BB /* NewPlaceViewController.swift */,
			);
			path = ViewControllers;
			sourceTree = "<group>";
		};
		092CC484252A3D8200F5F0BB /* Helpers */ = {
			isa = PBXGroup;
			children = (
				092CC485252A3D8200F5F0BB /* MapManager.swift */,
				092CC486252A3D8200F5F0BB /* StorageManager.swift */,
				092CC487252A3D8200F5F0BB /* RatingControl.swift */,
			);
			path = Helpers;
			sourceTree = "<group>";
		};
		09A1236E2523CB4500521976 = {
			isa = PBXGroup;
			children = (
				09A123792523CB4500521976 /* MyPlaces */,
				09A123782523CB4500521976 /* Products */,
				64F14155F25F4FAA9336FBFB /* Pods */,
				0265A4928DEB80E45D53A987 /* Frameworks */,
			);
			sourceTree = "<group>";
		};
		09A123782523CB4500521976 /* Products */ = {
			isa = PBXGroup;
			children = (
				09A123772523CB4500521976 /* MyPlaces.app */,
			);
			name = Products;
			sourceTree = "<group>";
		};
		09A123792523CB4500521976 /* MyPlaces */ = {
			isa = PBXGroup;
			children = (
				092CC474252A3D8200F5F0BB /* Support Files */,
				092CC478252A3D8200F5F0BB /* Models */,
				092CC47A252A3D8200F5F0BB /* IBuilder */,
				092CC47F252A3D8200F5F0BB /* ViewControllers */,
				092CC484252A3D8200F5F0BB /* Helpers */,
			);
			path = MyPlaces;
			sourceTree = "<group>";
		};
		64F14155F25F4FAA9336FBFB /* Pods */ = {
			isa = PBXGroup;
			children = (
				5F6476DB821059CA09B9C797 /* Pods-MyPlaces.debug.xcconfig */,
				15A6EEEF50CEF62AC9A30388 /* Pods-MyPlaces.release.xcconfig */,
			);
			path = Pods;
			sourceTree = "<group>";
		};
/* End PBXGroup section */

/* Begin PBXNativeTarget section */
		09A123762523CB4500521976 /* MyPlaces */ = {
			isa = PBXNativeTarget;
			buildConfigurationList = 09A1238B2523CB4800521976 /* Build configuration list for PBXNativeTarget "MyPlaces" */;
			buildPhases = (
				F0A597600A1BB700CABC91CE /* [CP] Check Pods Manifest.lock */,
				09A123732523CB4500521976 /* Sources */,
				09A123742523CB4500521976 /* Frameworks */,
				09A123752523CB4500521976 /* Resources */,
				69A340FE3238BB024CA727A6 /* [CP] Embed Pods Frameworks */,
			);
			buildRules = (
			);
			dependencies = (
			);
			name = MyPlaces;
			productName = MyPlaces;
			productReference = 09A123772523CB4500521976 /* MyPlaces.app */;
			productType = "com.apple.product-type.application";
		};
/* End PBXNativeTarget section */

/* Begin PBXProject section */
		09A1236F2523CB4500521976 /* Project object */ = {
			isa = PBXProject;
			attributes = {
				LastSwiftUpdateCheck = 1200;
				LastUpgradeCheck = 1200;
				TargetAttributes = {
					09A123762523CB4500521976 = {
						CreatedOnToolsVersion = 12.0.1;
					};
				};
			};
			buildConfigurationList = 09A123722523CB4500521976 /* Build configuration list for PBXProject "MyPlaces" */;
			compatibilityVersion = "Xcode 9.3";
			developmentRegion = en;
			hasScannedForEncodings = 0;
			knownRegions = (
				en,
				Base,
			);
			mainGroup = 09A1236E2523CB4500521976;
			productRefGroup = 09A123782523CB4500521976 /* Products */;
			projectDirPath = "";
			projectRoot = "";
			targets = (
				09A123762523CB4500521976 /* MyPlaces */,
			);
		};
/* End PBXProject section */

/* Begin PBXResourcesBuildPhase section */
		09A123752523CB4500521976 /* Resources */ = {
			isa = PBXResourcesBuildPhase;
			buildActionMask = 2147483647;
			files = (
				092CC48C252A3D8200F5F0BB /* LaunchScreen.storyboard in Resources */,
				092CC488252A3D8200F5F0BB /* Assets.xcassets in Resources */,
				092CC48D252A3D8200F5F0BB /* Main.storyboard in Resources */,
			);
			runOnlyForDeploymentPostprocessing = 0;
		};
/* End PBXResourcesBuildPhase section */

/* Begin PBXShellScriptBuildPhase section */
		69A340FE3238BB024CA727A6 /* [CP] Embed Pods Frameworks */ = {
			isa = PBXShellScriptBuildPhase;
			buildActionMask = 2147483647;
			files = (
			);
			inputFileListPaths = (
				"${PODS_ROOT}/Target Support Files/Pods-MyPlaces/Pods-MyPlaces-frameworks-${CONFIGURATION}-input-files.xcfilelist",
			);
			name = "[CP] Embed Pods Frameworks";
			outputFileListPaths = (
				"${PODS_ROOT}/Target Support Files/Pods-MyPlaces/Pods-MyPlaces-frameworks-${CONFIGURATION}-output-files.xcfilelist",
			);
			runOnlyForDeploymentPostprocessing = 0;
			shellPath = /bin/sh;
			shellScript = "\"${PODS_ROOT}/Target Support Files/Pods-MyPlaces/Pods-MyPlaces-frameworks.sh\"\n";
			showEnvVarsInLog = 0;
		};
		F0A597600A1BB700CABC91CE /* [CP] Check Pods Manifest.lock */ = {
			isa = PBXShellScriptBuildPhase;
			buildActionMask = 2147483647;
			files = (
			);
			inputFileListPaths = (
			);
			inputPaths = (
				"${PODS_PODFILE_DIR_PATH}/Podfile.lock",
				"${PODS_ROOT}/Manifest.lock",
			);
			name = "[CP] Check Pods Manifest.lock";
			outputFileListPaths = (
			);
			outputPaths = (
				"$(DERIVED_FILE_DIR)/Pods-MyPlaces-checkManifestLockResult.txt",
			);
			runOnlyForDeploymentPostprocessing = 0;
			shellPath = /bin/sh;
			shellScript = "diff \"${PODS_PODFILE_DIR_PATH}/Podfile.lock\" \"${PODS_ROOT}/Manifest.lock\" > /dev/null\nif [ $? != 0 ] ; then\n    # print error to STDERR\n    echo \"error: The sandbox is not in sync with the Podfile.lock. Run 'pod install' or update your CocoaPods installation.\" >&2\n    exit 1\nfi\n# This output is used by Xcode 'outputs' to avoid re-running this script phase.\necho \"SUCCESS\" > \"${SCRIPT_OUTPUT_FILE_0}\"\n";
			showEnvVarsInLog = 0;
		};
/* End PBXShellScriptBuildPhase section */

/* Begin PBXSourcesBuildPhase section */
		09A123732523CB4500521976 /* Sources */ = {
			isa = PBXSourcesBuildPhase;
			buildActionMask = 2147483647;
			files = (
				092CC489252A3D8200F5F0BB /* AppDelegate.swift in Sources */,
				092CC491252A3D8200F5F0BB /* NewPlaceViewController.swift in Sources */,
				092CC490252A3D8200F5F0BB /* CustomTableViewCell.swift in Sources */,
				092CC48E252A3D8200F5F0BB /* MapViewController.swift in Sources */,
				092CC494252A3D8200F5F0BB /* RatingControl.swift in Sources */,
				092CC492252A3D8200F5F0BB /* MapManager.swift in Sources */,
				092CC48B252A3D8200F5F0BB /* PlaceModel.swift in Sources */,
				092CC48F252A3D8200F5F0BB /* MainViewController.swift in Sources */,
				092CC493252A3D8200F5F0BB /* StorageManager.swift in Sources */,
			);
			runOnlyForDeploymentPostprocessing = 0;
		};
/* End PBXSourcesBuildPhase section */

/* Begin PBXVariantGroup section */
		092CC47B252A3D8200F5F0BB /* LaunchScreen.storyboard */ = {
			isa = PBXVariantGroup;
			children = (
				092CC47C252A3D8200F5F0BB /* Base */,
			);
			name = LaunchScreen.storyboard;
			sourceTree = "<group>";
		};
		092CC47D252A3D8200F5F0BB /* Main.storyboard */ = {
			isa = PBXVariantGroup;
			children = (
				092CC47E252A3D8200F5F0BB /* Base */,
			);
			name = Main.storyboard;
			sourceTree = "<group>";
		};
/* End PBXVariantGroup section */

/* Begin XCBuildConfiguration section */
		09A123892523CB4800521976 /* Debug */ = {
			isa = XCBuildConfiguration;
			buildSettings = {
				ALWAYS_SEARCH_USER_PATHS = NO;
				CLANG_ANALYZER_NONNULL = YES;
				CLANG_ANALYZER_NUMBER_OBJECT_CONVERSION = YES_AGGRESSIVE;
				CLANG_CXX_LANGUAGE_STANDARD = "gnu++14";
				CLANG_CXX_LIBRARY = "libc++";
				CLANG_ENABLE_MODULES = YES;
				CLANG_ENABLE_OBJC_ARC = YES;
				CLANG_ENABLE_OBJC_WEAK = YES;
				CLANG_WARN_BLOCK_CAPTURE_AUTORELEASING = YES;
				CLANG_WARN_BOOL_CONVERSION = YES;
				CLANG_WARN_COMMA = YES;
				CLANG_WARN_CONSTANT_CONVERSION = YES;
				CLANG_WARN_DEPRECATED_OBJC_IMPLEMENTATIONS = YES;
				CLANG_WARN_DIRECT_OBJC_ISA_USAGE = YES_ERROR;
				CLANG_WARN_DOCUMENTATION_COMMENTS = YES;
				CLANG_WARN_EMPTY_BODY = YES;
				CLANG_WARN_ENUM_CONVERSION = YES;
				CLANG_WARN_INFINITE_RECURSION = YES;
				CLANG_WARN_INT_CONVERSION = YES;
				CLANG_WARN_NON_LITERAL_NULL_CONVERSION = YES;
				CLANG_WARN_OBJC_IMPLICIT_RETAIN_SELF = YES;
				CLANG_WARN_OBJC_LITERAL_CONVERSION = YES;
				CLANG_WARN_OBJC_ROOT_CLASS = YES_ERROR;
				CLANG_WARN_QUOTED_INCLUDE_IN_FRAMEWORK_HEADER = YES;
				CLANG_WARN_RANGE_LOOP_ANALYSIS = YES;
				CLANG_WARN_STRICT_PROTOTYPES = YES;
				CLANG_WARN_SUSPICIOUS_MOVE = YES;
				CLANG_WARN_UNGUARDED_AVAILABILITY = YES_AGGRESSIVE;
				CLANG_WARN_UNREACHABLE_CODE = YES;
				CLANG_WARN__DUPLICATE_METHOD_MATCH = YES;
				COPY_PHASE_STRIP = NO;
				DEBUG_INFORMATION_FORMAT = dwarf;
				ENABLE_STRICT_OBJC_MSGSEND = YES;
				ENABLE_TESTABILITY = YES;
				GCC_C_LANGUAGE_STANDARD = gnu11;
				GCC_DYNAMIC_NO_PIC = NO;
				GCC_NO_COMMON_BLOCKS = YES;
				GCC_OPTIMIZATION_LEVEL = 0;
				GCC_PREPROCESSOR_DEFINITIONS = (
					"DEBUG=1",
					"$(inherited)",
				);
				GCC_WARN_64_TO_32_BIT_CONVERSION = YES;
				GCC_WARN_ABOUT_RETURN_TYPE = YES_ERROR;
				GCC_WARN_UNDECLARED_SELECTOR = YES;
				GCC_WARN_UNINITIALIZED_AUTOS = YES_AGGRESSIVE;
				GCC_WARN_UNUSED_FUNCTION = YES;
				GCC_WARN_UNUSED_VARIABLE = YES;
				IPHONEOS_DEPLOYMENT_TARGET = 14.0;
				MTL_ENABLE_DEBUG_INFO = INCLUDE_SOURCE;
				MTL_FAST_MATH = YES;
				ONLY_ACTIVE_ARCH = YES;
				SDKROOT = iphoneos;
				SWIFT_ACTIVE_COMPILATION_CONDITIONS = DEBUG;
				SWIFT_OPTIMIZATION_LEVEL = "-Onone";
			};
			name = Debug;
		};
		09A1238A2523CB4800521976 /* Release */ = {
			isa = XCBuildConfiguration;
			buildSettings = {
				ALWAYS_SEARCH_USER_PATHS = NO;
				CLANG_ANALYZER_NONNULL = YES;
				CLANG_ANALYZER_NUMBER_OBJECT_CONVERSION = YES_AGGRESSIVE;
				CLANG_CXX_LANGUAGE_STANDARD = "gnu++14";
				CLANG_CXX_LIBRARY = "libc++";
				CLANG_ENABLE_MODULES = YES;
				CLANG_ENABLE_OBJC_ARC = YES;
				CLANG_ENABLE_OBJC_WEAK = YES;
				CLANG_WARN_BLOCK_CAPTURE_AUTORELEASING = YES;
				CLANG_WARN_BOOL_CONVERSION = YES;
				CLANG_WARN_COMMA = YES;
				CLANG_WARN_CONSTANT_CONVERSION = YES;
				CLANG_WARN_DEPRECATED_OBJC_IMPLEMENTATIONS = YES;
				CLANG_WARN_DIRECT_OBJC_ISA_USAGE = YES_ERROR;
				CLANG_WARN_DOCUMENTATION_COMMENTS = YES;
				CLANG_WARN_EMPTY_BODY = YES;
				CLANG_WARN_ENUM_CONVERSION = YES;
				CLANG_WARN_INFINITE_RECURSION = YES;
				CLANG_WARN_INT_CONVERSION = YES;
				CLANG_WARN_NON_LITERAL_NULL_CONVERSION = YES;
				CLANG_WARN_OBJC_IMPLICIT_RETAIN_SELF = YES;
				CLANG_WARN_OBJC_LITERAL_CONVERSION = YES;
				CLANG_WARN_OBJC_ROOT_CLASS = YES_ERROR;
				CLANG_WARN_QUOTED_INCLUDE_IN_FRAMEWORK_HEADER = YES;
				CLANG_WARN_RANGE_LOOP_ANALYSIS = YES;
				CLANG_WARN_STRICT_PROTOTYPES = YES;
				CLANG_WARN_SUSPICIOUS_MOVE = YES;
				CLANG_WARN_UNGUARDED_AVAILABILITY = YES_AGGRESSIVE;
				CLANG_WARN_UNREACHABLE_CODE = YES;
				CLANG_WARN__DUPLICATE_METHOD_MATCH = YES;
				COPY_PHASE_STRIP = NO;
				DEBUG_INFORMATION_FORMAT = "dwarf-with-dsym";
				ENABLE_NS_ASSERTIONS = NO;
				ENABLE_STRICT_OBJC_MSGSEND = YES;
				GCC_C_LANGUAGE_STANDARD = gnu11;
				GCC_NO_COMMON_BLOCKS = YES;
				GCC_WARN_64_TO_32_BIT_CONVERSION = YES;
				GCC_WARN_ABOUT_RETURN_TYPE = YES_ERROR;
				GCC_WARN_UNDECLARED_SELECTOR = YES;
				GCC_WARN_UNINITIALIZED_AUTOS = YES_AGGRESSIVE;
				GCC_WARN_UNUSED_FUNCTION = YES;
				GCC_WARN_UNUSED_VARIABLE = YES;
				IPHONEOS_DEPLOYMENT_TARGET = 14.0;
				MTL_ENABLE_DEBUG_INFO = NO;
				MTL_FAST_MATH = YES;
				SDKROOT = iphoneos;
				SWIFT_COMPILATION_MODE = wholemodule;
				SWIFT_OPTIMIZATION_LEVEL = "-O";
				VALIDATE_PRODUCT = YES;
			};
			name = Release;
		};
		09A1238C2523CB4800521976 /* Debug */ = {
			isa = XCBuildConfiguration;
			baseConfigurationReference = 5F6476DB821059CA09B9C797 /* Pods-MyPlaces.debug.xcconfig */;
			buildSettings = {
				ASSETCATALOG_COMPILER_APPICON_NAME = AppIcon;
				ASSETCATALOG_COMPILER_GLOBAL_ACCENT_COLOR_NAME = AccentColor;
				CODE_SIGN_STYLE = Automatic;
				DEVELOPMENT_TEAM = 39WG8V5U73;
				INFOPLIST_FILE = "$(SRCROOT)/MyPlaces/Support Files/Info.plist";
				LD_RUNPATH_SEARCH_PATHS = (
					"$(inherited)",
					"@executable_path/Frameworks",
				);
				PRODUCT_BUNDLE_IDENTIFIER = ikustow.MyPlaces;
				PRODUCT_NAME = "$(TARGET_NAME)";
				SWIFT_VERSION = 5.0;
				TARGETED_DEVICE_FAMILY = "1,2";
			};
			name = Debug;
		};
		09A1238D2523CB4800521976 /* Release */ = {
			isa = XCBuildConfiguration;
			baseConfigurationReference = 15A6EEEF50CEF62AC9A30388 /* Pods-MyPlaces.release.xcconfig */;
			buildSettings = {
				ASSETCATALOG_COMPILER_APPICON_NAME = AppIcon;
				ASSETCATALOG_COMPILER_GLOBAL_ACCENT_COLOR_NAME = AccentColor;
				CODE_SIGN_STYLE = Automatic;
				DEVELOPMENT_TEAM = 39WG8V5U73;
				INFOPLIST_FILE = "$(SRCROOT)/MyPlaces/Support Files/Info.plist";
				LD_RUNPATH_SEARCH_PATHS = (
					"$(inherited)",
					"@executable_path/Frameworks",
				);
				PRODUCT_BUNDLE_IDENTIFIER = ikustow.MyPlaces;
				PRODUCT_NAME = "$(TARGET_NAME)";
				SWIFT_VERSION = 5.0;
				TARGETED_DEVICE_FAMILY = "1,2";
			};
			name = Release;
		};
/* End XCBuildConfiguration section */

/* Begin XCConfigurationList section */
		09A123722523CB4500521976 /* Build configuration list for PBXProject "MyPlaces" */ = {
			isa = XCConfigurationList;
			buildConfigurations = (
				09A123892523CB4800521976 /* Debug */,
				09A1238A2523CB4800521976 /* Release */,
			);
			defaultConfigurationIsVisible = 0;
			defaultConfigurationName = Release;
		};
		09A1238B2523CB4800521976 /* Build configuration list for PBXNativeTarget "MyPlaces" */ = {
			isa = XCConfigurationList;
			buildConfigurations = (
				09A1238C2523CB4800521976 /* Debug */,
				09A1238D2523CB4800521976 /* Release */,
			);
			defaultConfigurationIsVisible = 0;
			defaultConfigurationName = Release;
		};
/* End XCConfigurationList section */
	};
	rootObject = 09A1236F2523CB4500521976 /* Project object */;
}
